
Microsoft Visual Studio Solution File, Format Version 12.00
# Visual Studio 2012
Project("{FAE04EC0-301F-11D3-BF4B-00C04F79EFBC}") = "WordPressClient", "WordPressClient\WordPressClient.csproj", "{1A022B17-4950-4EA8-98CB-15DCA371EA1C}"
EndProject
Project("{FAE04EC0-301F-11D3-BF4B-00C04F79EFBC}") = "ClientTestApp", "ClientTestApp\ClientTestApp.csproj", "{5D1B5192-FD41-4ADA-93AB-38B82948571D}"
EndProject
Project("{FAE04EC0-301F-11D3-BF4B-00C04F79EFBC}") = "ClientTestApp.UITests", "ClientTestApp.UITests\ClientTestApp.UITests.csproj", "{076DBE42-472C-44B5-8B63-6846A2DA2599}"
EndProject
Global
	GlobalSection(SolutionConfigurationPlatforms) = preSolution
		Debug|Any CPU = Debug|Any CPU
		Release|Any CPU = Release|Any CPU
		Debug|iPhoneSimulator = Debug|iPhoneSimulator
		Release|iPhone = Release|iPhone
		Release|iPhoneSimulator = Release|iPhoneSimulator
		Debug|iPhone = Debug|iPhone
	EndGlobalSection
	GlobalSection(ProjectConfigurationPlatforms) = postSolution
		{1A022B17-4950-4EA8-98CB-15DCA371EA1C}.Debug|Any CPU.ActiveCfg = Debug|Any CPU
		{1A022B17-4950-4EA8-98CB-15DCA371EA1C}.Debug|Any CPU.Build.0 = Debug|Any CPU
		{1A022B17-4950-4EA8-98CB-15DCA371EA1C}.Release|Any CPU.ActiveCfg = Release|Any CPU
		{1A022B17-4950-4EA8-98CB-15DCA371EA1C}.Release|Any CPU.Build.0 = Release|Any CPU
		{1A022B17-4950-4EA8-98CB-15DCA371EA1C}.Debug|iPhoneSimulator.ActiveCfg = Debug|Any CPU
		{1A022B17-4950-4EA8-98CB-15DCA371EA1C}.Debug|iPhoneSimulator.Build.0 = Debug|Any CPU
		{1A022B17-4950-4EA8-98CB-15DCA371EA1C}.Release|iPhone.ActiveCfg = Release|Any CPU
		{1A022B17-4950-4EA8-98CB-15DCA371EA1C}.Release|iPhone.Build.0 = Release|Any CPU
		{1A022B17-4950-4EA8-98CB-15DCA371EA1C}.Release|iPhoneSimulator.ActiveCfg = Release|Any CPU
		{1A022B17-4950-4EA8-98CB-15DCA371EA1C}.Release|iPhoneSimulator.Build.0 = Release|Any CPU
		{1A022B17-4950-4EA8-98CB-15DCA371EA1C}.Debug|iPhone.ActiveCfg = Debug|Any CPU
		{1A022B17-4950-4EA8-98CB-15DCA371EA1C}.Debug|iPhone.Build.0 = Debug|Any CPU
		{5D1B5192-FD41-4ADA-93AB-38B82948571D}.Debug|Any CPU.ActiveCfg = Debug|iPhoneSimulator
		{5D1B5192-FD41-4ADA-93AB-38B82948571D}.Debug|Any CPU.Build.0 = Debug|iPhoneSimulator
		{5D1B5192-FD41-4ADA-93AB-38B82948571D}.Release|Any CPU.ActiveCfg = Release|iPhone
		{5D1B5192-FD41-4ADA-93AB-38B82948571D}.Release|Any CPU.Build.0 = Release|iPhone
		{5D1B5192-FD41-4ADA-93AB-38B82948571D}.Debug|iPhoneSimulator.ActiveCfg = Debug|iPhoneSimulator
		{5D1B5192-FD41-4ADA-93AB-38B82948571D}.Debug|iPhoneSimulator.Build.0 = Debug|iPhoneSimulator
		{5D1B5192-FD41-4ADA-93AB-38B82948571D}.Release|iPhone.ActiveCfg = Release|iPhone
		{5D1B5192-FD41-4ADA-93AB-38B82948571D}.Release|iPhone.Build.0 = Release|iPhone
		{5D1B5192-FD41-4ADA-93AB-38B82948571D}.Release|iPhoneSimulator.ActiveCfg = Release|iPhoneSimulator
		{5D1B5192-FD41-4ADA-93AB-38B82948571D}.Release|iPhoneSimulator.Build.0 = Release|iPhoneSimulator
		{5D1B5192-FD41-4ADA-93AB-38B82948571D}.Debug|iPhone.ActiveCfg = Debug|iPhone
		{5D1B5192-FD41-4ADA-93AB-38B82948571D}.Debug|iPhone.Build.0 = Debug|iPhone
		{076DBE42-472C-44B5-8B63-6846A2DA2599}.Debug|Any CPU.ActiveCfg = Debug|Any CPU
		{076DBE42-472C-44B5-8B63-6846A2DA2599}.Debug|Any CPU.Build.0 = Debug|Any CPU
		{076DBE42-472C-44B5-8B63-6846A2DA2599}.Release|Any CPU.ActiveCfg = Release|Any CPU
		{076DBE42-472C-44B5-8B63-6846A2DA2599}.Release|Any CPU.Build.0 = Release|Any CPU
		{076DBE42-472C-44B5-8B63-6846A2DA2599}.Debug|iPhoneSimulator.ActiveCfg = Debug|Any CPU
		{076DBE42-472C-44B5-8B63-6846A2DA2599}.Debug|iPhoneSimulator.Build.0 = Debug|Any CPU
		{076DBE42-472C-44B5-8B63-6846A2DA2599}.Release|iPhone.ActiveCfg = Release|Any CPU
		{076DBE42-472C-44B5-8B63-6846A2DA2599}.Release|iPhone.Build.0 = Release|Any CPU
		{076DBE42-472C-44B5-8B63-6846A2DA2599}.Release|iPhoneSimulator.ActiveCfg = Release|Any CPU
		{076DBE42-472C-44B5-8B63-6846A2DA2599}.Release|iPhoneSimulator.Build.0 = Release|Any CPU
		{076DBE42-472C-44B5-8B63-6846A2DA2599}.Debug|iPhone.ActiveCfg = Debug|Any CPU
		{076DBE42-472C-44B5-8B63-6846A2DA2599}.Debug|iPhone.Build.0 = Debug|Any CPU
	EndGlobalSection
EndGlobal
